
Microsoft Visual Studio Solution File, Format Version 12.00
# Visual Studio Version 17
VisualStudioVersion = 17.4.33103.184
MinimumVisualStudioVersion = 10.0.40219.1
Project("{FAE04EC0-301F-11D3-BF4B-00C04F79EFBC}") = "Pf_Final_FaceRecognitionsSystem", "Pf_Final_FaceRecognitionsSystem.csproj", "{7B26B089-CC49-4E61-8F1C-2109BDAD0A36}"
EndProject
Global
	GlobalSection(SolutionConfigurationPlatforms) = preSolution
		Debug|Any CPU = Debug|Any CPU
		Release|Any CPU = Release|Any CPU
	EndGlobalSection
	GlobalSection(ProjectConfigurationPlatforms) = postSolution
		{7B26B089-CC49-4E61-8F1C-2109BDAD0A36}.Debug|Any CPU.ActiveCfg = Debug|Any CPU
		{7B26B089-CC49-4E61-8F1C-2109BDAD0A36}.Debug|Any CPU.Build.0 = Debug|Any CPU
		{7B26B089-CC49-4E61-8F1C-2109BDAD0A36}.Release|Any CPU.ActiveCfg = Release|Any CPU
		{7B26B089-CC49-4E61-8F1C-2109BDAD0A36}.Release|Any CPU.Build.0 = Release|Any CPU
	EndGlobalSection
	GlobalSection(SolutionProperties) = preSolution
		HideSolutionNode = FALSE
	EndGlobalSection
	GlobalSection(ExtensibilityGlobals) = postSolution
		SolutionGuid = {B0BDB894-2A79-4751-9162-F56E8EEA2705}
	EndGlobalSection
EndGlobal
